
Microsoft Visual Studio Solution File, Format Version 12.00
# Visual Studio Version 16
VisualStudioVersion = 16.0.28531.58
MinimumVisualStudioVersion = 10.0.40219.1
Project("{9A19103F-16F7-4668-BE54-9A1E7A4F7556}") = "Shop.Common", "Shop.Common\Shop.Common.csproj", "{217A8B0D-012D-443F-A8C1-F5962E9AEB20}"
EndProject
Project("{2150E333-8FDC-42A3-9474-1A3956D46DE8}") = "Backend", "Backend", "{9977B278-D2E7-42D8-9829-1C3FD893AE97}"
EndProject
Project("{2150E333-8FDC-42A3-9474-1A3956D46DE8}") = "Frontend", "Frontend", "{EF9AC0D6-0E58-4868-A4AD-AF8366F25E45}"
EndProject
Project("{9A19103F-16F7-4668-BE54-9A1E7A4F7556}") = "Shop.Web", "Shop.Web\Shop.Web.csproj", "{7AF894B5-E480-42C4-B5F0-741019EB7B42}"
EndProject
Project("{2150E333-8FDC-42A3-9474-1A3956D46DE8}") = "Forms", "Forms", "{8B91D04D-680A-44AD-BF67-D7C0DBE12964}"
EndProject
Project("{2150E333-8FDC-42A3-9474-1A3956D46DE8}") = "Classic", "Classic", "{D0271F75-0F17-4548-B9E8-367158DA58B0}"
EndProject
Project("{FAE04EC0-301F-11D3-BF4B-00C04F79EFBC}") = "Shop.UIClassic.Android", "Shop.UIClassic.Android\Shop.UIClassic.Android.csproj", "{B5370401-C7AE-4BBB-8DF3-9E55EDB02D43}"
EndProject
Project("{FAE04EC0-301F-11D3-BF4B-00C04F79EFBC}") = "Shop.UIForms.Android", "Shop.UIForms\Shop.UIForms.Android\Shop.UIForms.Android.csproj", "{7B8A1134-124A-47BE-AE1A-31AB94F70F98}"
EndProject
Project("{FAE04EC0-301F-11D3-BF4B-00C04F79EFBC}") = "Shop.UIForms.iOS", "Shop.UIForms\Shop.UIForms.iOS\Shop.UIForms.iOS.csproj", "{715A3D3A-1D5D-4D1E-9723-CEAB0469131E}"
EndProject
Project("{9A19103F-16F7-4668-BE54-9A1E7A4F7556}") = "Shop.UIForms", "Shop.UIForms\Shop.UIForms\Shop.UIForms.csproj", "{7B9F939B-499D-4CD7-9D02-B8D3EB458B2A}"
EndProject
Project("{FAE04EC0-301F-11D3-BF4B-00C04F79EFBC}") = "Shop.UIClassic.iOS", "Shop.UIClassic.Android\Shop.UIClassic.iOS\Shop.UIClassic.iOS.csproj", "{4B3530CB-086B-4005-B193-E070D1B40225}"
EndProject
Project("{2150E333-8FDC-42A3-9474-1A3956D46DE8}") = "MVVMCrossTestConcept", "MVVMCrossTestConcept", "{F337286E-D188-4F06-AF08-74D3AC5CE89B}"
EndProject
Project("{9A19103F-16F7-4668-BE54-9A1E7A4F7556}") = "ThreeWays.Core", "ThreeWays.Core\ThreeWays.Core.csproj", "{C5086BFE-A739-4030-B513-8448A0C6743F}"
EndProject
Project("{FAE04EC0-301F-11D3-BF4B-00C04F79EFBC}") = "ThreeWays.Forms.Android", "ThreeWays.Forms\ThreeWays.Forms.Android\ThreeWays.Forms.Android.csproj", "{93F6467E-7EAC-4B15-94A8-04CDD3C55F63}"
EndProject
Project("{FAE04EC0-301F-11D3-BF4B-00C04F79EFBC}") = "ThreeWays.Forms.iOS", "ThreeWays.Forms\ThreeWays.Forms.iOS\ThreeWays.Forms.iOS.csproj", "{E8696C90-07EE-453C-9137-3B16CF168FED}"
EndProject
Project("{9A19103F-16F7-4668-BE54-9A1E7A4F7556}") = "ThreeWays.Forms", "ThreeWays.Forms\ThreeWays.Forms\ThreeWays.Forms.csproj", "{D54DC1AE-782D-439F-97FD-C4836813F713}"
EndProject
Project("{FAE04EC0-301F-11D3-BF4B-00C04F79EFBC}") = "ThreeWays.Classic.Droid", "ThreeWays.Classic.Droid\ThreeWays.Classic.Droid.csproj", "{3776AB57-237A-40FD-B9B6-2777148DF2A0}"
EndProject
Project("{FAE04EC0-301F-11D3-BF4B-00C04F79EFBC}") = "ThreeWays.Classic.iOS", "ThreeWays.Classic.Droid\ThreeWays.Classic.iOS\ThreeWays.Classic.iOS.csproj", "{B4F052D6-39BE-4F62-8C42-DC4A5C44E15F}"
EndProject
Project("{FAE04EC0-301F-11D3-BF4B-00C04F79EFBC}") = "ThreeWays.Cross.Droid", "ThreeWays.Cross.Droid\ThreeWays.Cross.Droid.csproj", "{6D199B40-3209-40F3-B5FF-3EE1848A2F0F}"
EndProject
Project("{FAE04EC0-301F-11D3-BF4B-00C04F79EFBC}") = "ThreeWays.Cross.iOS", "ThreeWays.Cross.Droid\ThreeWays.Cross.iOS\ThreeWays.Cross.iOS.csproj", "{129D5F47-5C2B-46A8-AF06-965CC016DFD4}"
EndProject
Project("{2150E333-8FDC-42A3-9474-1A3956D46DE8}") = "MVVMCross", "MVVMCross", "{C8361A71-82F1-4B30-92DA-1E57E60AA92C}"
EndProject
Project("{FAE04EC0-301F-11D3-BF4B-00C04F79EFBC}") = "UICross.Android", "UICross.Android\UICross.Android.csproj", "{AB6F2981-4FE0-4FCE-98BA-29FE0B9F8380}"
EndProject
Project("{FAE04EC0-301F-11D3-BF4B-00C04F79EFBC}") = "ThressWays.FormsCross.Android", "ThressWays.FormsCross\ThressWays.FormsCross.Android\ThressWays.FormsCross.Android.csproj", "{45E775B8-CE68-486D-A06E-A06F855DCBCF}"
EndProject
Project("{FAE04EC0-301F-11D3-BF4B-00C04F79EFBC}") = "ThressWays.FormsCross.iOS", "ThressWays.FormsCross\ThressWays.FormsCross.iOS\ThressWays.FormsCross.iOS.csproj", "{9E5E95C1-56E4-4030-A031-40CFA3DC7394}"
EndProject
Project("{FAE04EC0-301F-11D3-BF4B-00C04F79EFBC}") = "ThressWays.FormsCross", "ThressWays.FormsCross\ThressWays.FormsCross\ThressWays.FormsCross.csproj", "{436D8BC7-A174-4160-87FC-3AF01CB64E38}"
EndProject
Global
	GlobalSection(SolutionConfigurationPlatforms) = preSolution
		Debug|Any CPU = Debug|Any CPU
		Debug|iPhone = Debug|iPhone
		Debug|iPhoneSimulator = Debug|iPhoneSimulator
		Release|Any CPU = Release|Any CPU
		Release|iPhone = Release|iPhone
		Release|iPhoneSimulator = Release|iPhoneSimulator
	EndGlobalSection
	GlobalSection(ProjectConfigurationPlatforms) = postSolution
		{217A8B0D-012D-443F-A8C1-F5962E9AEB20}.Debug|Any CPU.ActiveCfg = Debug|Any CPU
		{217A8B0D-012D-443F-A8C1-F5962E9AEB20}.Debug|Any CPU.Build.0 = Debug|Any CPU
		{217A8B0D-012D-443F-A8C1-F5962E9AEB20}.Debug|iPhone.ActiveCfg = Debug|Any CPU
		{217A8B0D-012D-443F-A8C1-F5962E9AEB20}.Debug|iPhone.Build.0 = Debug|Any CPU
		{217A8B0D-012D-443F-A8C1-F5962E9AEB20}.Debug|iPhoneSimulator.ActiveCfg = Debug|Any CPU
		{217A8B0D-012D-443F-A8C1-F5962E9AEB20}.Debug|iPhoneSimulator.Build.0 = Debug|Any CPU
		{217A8B0D-012D-443F-A8C1-F5962E9AEB20}.Release|Any CPU.ActiveCfg = Release|Any CPU
		{217A8B0D-012D-443F-A8C1-F5962E9AEB20}.Release|Any CPU.Build.0 = Release|Any CPU
		{217A8B0D-012D-443F-A8C1-F5962E9AEB20}.Release|iPhone.ActiveCfg = Release|Any CPU
		{217A8B0D-012D-443F-A8C1-F5962E9AEB20}.Release|iPhone.Build.0 = Release|Any CPU
		{217A8B0D-012D-443F-A8C1-F5962E9AEB20}.Release|iPhoneSimulator.ActiveCfg = Release|Any CPU
		{217A8B0D-012D-443F-A8C1-F5962E9AEB20}.Release|iPhoneSimulator.Build.0 = Release|Any CPU
		{7AF894B5-E480-42C4-B5F0-741019EB7B42}.Debug|Any CPU.ActiveCfg = Debug|Any CPU
		{7AF894B5-E480-42C4-B5F0-741019EB7B42}.Debug|Any CPU.Build.0 = Debug|Any CPU
		{7AF894B5-E480-42C4-B5F0-741019EB7B42}.Debug|iPhone.ActiveCfg = Debug|Any CPU
		{7AF894B5-E480-42C4-B5F0-741019EB7B42}.Debug|iPhone.Build.0 = Debug|Any CPU
		{7AF894B5-E480-42C4-B5F0-741019EB7B42}.Debug|iPhoneSimulator.ActiveCfg = Debug|Any CPU
		{7AF894B5-E480-42C4-B5F0-741019EB7B42}.Debug|iPhoneSimulator.Build.0 = Debug|Any CPU
		{7AF894B5-E480-42C4-B5F0-741019EB7B42}.Release|Any CPU.ActiveCfg = Release|Any CPU
		{7AF894B5-E480-42C4-B5F0-741019EB7B42}.Release|Any CPU.Build.0 = Release|Any CPU
		{7AF894B5-E480-42C4-B5F0-741019EB7B42}.Release|iPhone.ActiveCfg = Release|Any CPU
		{7AF894B5-E480-42C4-B5F0-741019EB7B42}.Release|iPhone.Build.0 = Release|Any CPU
		{7AF894B5-E480-42C4-B5F0-741019EB7B42}.Release|iPhoneSimulator.ActiveCfg = Release|Any CPU
		{7AF894B5-E480-42C4-B5F0-741019EB7B42}.Release|iPhoneSimulator.Build.0 = Release|Any CPU
		{B5370401-C7AE-4BBB-8DF3-9E55EDB02D43}.Debug|Any CPU.ActiveCfg = Debug|Any CPU
		{B5370401-C7AE-4BBB-8DF3-9E55EDB02D43}.Debug|Any CPU.Build.0 = Debug|Any CPU
		{B5370401-C7AE-4BBB-8DF3-9E55EDB02D43}.Debug|Any CPU.Deploy.0 = Debug|Any CPU
		{B5370401-C7AE-4BBB-8DF3-9E55EDB02D43}.Debug|iPhone.ActiveCfg = Debug|Any CPU
		{B5370401-C7AE-4BBB-8DF3-9E55EDB02D43}.Debug|iPhone.Build.0 = Debug|Any CPU
		{B5370401-C7AE-4BBB-8DF3-9E55EDB02D43}.Debug|iPhone.Deploy.0 = Debug|Any CPU
		{B5370401-C7AE-4BBB-8DF3-9E55EDB02D43}.Debug|iPhoneSimulator.ActiveCfg = Debug|Any CPU
		{B5370401-C7AE-4BBB-8DF3-9E55EDB02D43}.Debug|iPhoneSimulator.Build.0 = Debug|Any CPU
		{B5370401-C7AE-4BBB-8DF3-9E55EDB02D43}.Debug|iPhoneSimulator.Deploy.0 = Debug|Any CPU
		{B5370401-C7AE-4BBB-8DF3-9E55EDB02D43}.Release|Any CPU.ActiveCfg = Release|Any CPU
		{B5370401-C7AE-4BBB-8DF3-9E55EDB02D43}.Release|Any CPU.Build.0 = Release|Any CPU
		{B5370401-C7AE-4BBB-8DF3-9E55EDB02D43}.Release|Any CPU.Deploy.0 = Release|Any CPU
		{B5370401-C7AE-4BBB-8DF3-9E55EDB02D43}.Release|iPhone.ActiveCfg = Release|Any CPU
		{B5370401-C7AE-4BBB-8DF3-9E55EDB02D43}.Release|iPhone.Build.0 = Release|Any CPU
		{B5370401-C7AE-4BBB-8DF3-9E55EDB02D43}.Release|iPhone.Deploy.0 = Release|Any CPU
		{B5370401-C7AE-4BBB-8DF3-9E55EDB02D43}.Release|iPhoneSimulator.ActiveCfg = Release|Any CPU
		{B5370401-C7AE-4BBB-8DF3-9E55EDB02D43}.Release|iPhoneSimulator.Build.0 = Release|Any CPU
		{B5370401-C7AE-4BBB-8DF3-9E55EDB02D43}.Release|iPhoneSimulator.Deploy.0 = Release|Any CPU
		{7B8A1134-124A-47BE-AE1A-31AB94F70F98}.Debug|Any CPU.ActiveCfg = Debug|Any CPU
		{7B8A1134-124A-47BE-AE1A-31AB94F70F98}.Debug|Any CPU.Build.0 = Debug|Any CPU
		{7B8A1134-124A-47BE-AE1A-31AB94F70F98}.Debug|Any CPU.Deploy.0 = Debug|Any CPU
		{7B8A1134-124A-47BE-AE1A-31AB94F70F98}.Debug|iPhone.ActiveCfg = Debug|Any CPU
		{7B8A1134-124A-47BE-AE1A-31AB94F70F98}.Debug|iPhone.Build.0 = Debug|Any CPU
		{7B8A1134-124A-47BE-AE1A-31AB94F70F98}.Debug|iPhone.Deploy.0 = Debug|Any CPU
		{7B8A1134-124A-47BE-AE1A-31AB94F70F98}.Debug|iPhoneSimulator.ActiveCfg = Debug|Any CPU
		{7B8A1134-124A-47BE-AE1A-31AB94F70F98}.Debug|iPhoneSimulator.Build.0 = Debug|Any CPU
		{7B8A1134-124A-47BE-AE1A-31AB94F70F98}.Debug|iPhoneSimulator.Deploy.0 = Debug|Any CPU
		{7B8A1134-124A-47BE-AE1A-31AB94F70F98}.Release|Any CPU.ActiveCfg = Release|Any CPU
		{7B8A1134-124A-47BE-AE1A-31AB94F70F98}.Release|Any CPU.Build.0 = Release|Any CPU
		{7B8A1134-124A-47BE-AE1A-31AB94F70F98}.Release|Any CPU.Deploy.0 = Release|Any CPU
		{7B8A1134-124A-47BE-AE1A-31AB94F70F98}.Release|iPhone.ActiveCfg = Release|Any CPU
		{7B8A1134-124A-47BE-AE1A-31AB94F70F98}.Release|iPhone.Build.0 = Release|Any CPU
		{7B8A1134-124A-47BE-AE1A-31AB94F70F98}.Release|iPhone.Deploy.0 = Release|Any CPU
		{7B8A1134-124A-47BE-AE1A-31AB94F70F98}.Release|iPhoneSimulator.ActiveCfg = Release|Any CPU
		{7B8A1134-124A-47BE-AE1A-31AB94F70F98}.Release|iPhoneSimulator.Build.0 = Release|Any CPU
		{7B8A1134-124A-47BE-AE1A-31AB94F70F98}.Release|iPhoneSimulator.Deploy.0 = Release|Any CPU
		{715A3D3A-1D5D-4D1E-9723-CEAB0469131E}.Debug|Any CPU.ActiveCfg = Debug|iPhone
		{715A3D3A-1D5D-4D1E-9723-CEAB0469131E}.Debug|iPhone.ActiveCfg = Debug|iPhone
		{715A3D3A-1D5D-4D1E-9723-CEAB0469131E}.Debug|iPhone.Build.0 = Debug|iPhone
		{715A3D3A-1D5D-4D1E-9723-CEAB0469131E}.Debug|iPhoneSimulator.ActiveCfg = Debug|iPhoneSimulator
		{715A3D3A-1D5D-4D1E-9723-CEAB0469131E}.Debug|iPhoneSimulator.Build.0 = Debug|iPhoneSimulator
		{715A3D3A-1D5D-4D1E-9723-CEAB0469131E}.Release|Any CPU.ActiveCfg = Release|iPhone
		{715A3D3A-1D5D-4D1E-9723-CEAB0469131E}.Release|iPhone.ActiveCfg = Release|iPhone
		{715A3D3A-1D5D-4D1E-9723-CEAB0469131E}.Release|iPhone.Build.0 = Release|iPhone
		{715A3D3A-1D5D-4D1E-9723-CEAB0469131E}.Release|iPhoneSimulator.ActiveCfg = Release|iPhoneSimulator
		{715A3D3A-1D5D-4D1E-9723-CEAB0469131E}.Release|iPhoneSimulator.Build.0 = Release|iPhoneSimulator
		{7B9F939B-499D-4CD7-9D02-B8D3EB458B2A}.Debug|Any CPU.ActiveCfg = Debug|Any CPU
		{7B9F939B-499D-4CD7-9D02-B8D3EB458B2A}.Debug|Any CPU.Build.0 = Debug|Any CPU
		{7B9F939B-499D-4CD7-9D02-B8D3EB458B2A}.Debug|iPhone.ActiveCfg = Debug|Any CPU
		{7B9F939B-499D-4CD7-9D02-B8D3EB458B2A}.Debug|iPhone.Build.0 = Debug|Any CPU
		{7B9F939B-499D-4CD7-9D02-B8D3EB458B2A}.Debug|iPhoneSimulator.ActiveCfg = Debug|Any CPU
		{7B9F939B-499D-4CD7-9D02-B8D3EB458B2A}.Debug|iPhoneSimulator.Build.0 = Debug|Any CPU
		{7B9F939B-499D-4CD7-9D02-B8D3EB458B2A}.Release|Any CPU.ActiveCfg = Release|Any CPU
		{7B9F939B-499D-4CD7-9D02-B8D3EB458B2A}.Release|Any CPU.Build.0 = Release|Any CPU
		{7B9F939B-499D-4CD7-9D02-B8D3EB458B2A}.Release|iPhone.ActiveCfg = Release|Any CPU
		{7B9F939B-499D-4CD7-9D02-B8D3EB458B2A}.Release|iPhone.Build.0 = Release|Any CPU
		{7B9F939B-499D-4CD7-9D02-B8D3EB458B2A}.Release|iPhoneSimulator.ActiveCfg = Release|Any CPU
		{7B9F939B-499D-4CD7-9D02-B8D3EB458B2A}.Release|iPhoneSimulator.Build.0 = Release|Any CPU
		{4B3530CB-086B-4005-B193-E070D1B40225}.Debug|Any CPU.ActiveCfg = Debug|iPhoneSimulator
		{4B3530CB-086B-4005-B193-E070D1B40225}.Debug|Any CPU.Build.0 = Debug|iPhoneSimulator
		{4B3530CB-086B-4005-B193-E070D1B40225}.Debug|iPhone.ActiveCfg = Debug|iPhone
		{4B3530CB-086B-4005-B193-E070D1B40225}.Debug|iPhone.Build.0 = Debug|iPhone
		{4B3530CB-086B-4005-B193-E070D1B40225}.Debug|iPhoneSimulator.ActiveCfg = Debug|iPhoneSimulator
		{4B3530CB-086B-4005-B193-E070D1B40225}.Debug|iPhoneSimulator.Build.0 = Debug|iPhoneSimulator
		{4B3530CB-086B-4005-B193-E070D1B40225}.Release|Any CPU.ActiveCfg = Release|iPhone
		{4B3530CB-086B-4005-B193-E070D1B40225}.Release|Any CPU.Build.0 = Release|iPhone
		{4B3530CB-086B-4005-B193-E070D1B40225}.Release|iPhone.ActiveCfg = Release|iPhone
		{4B3530CB-086B-4005-B193-E070D1B40225}.Release|iPhone.Build.0 = Release|iPhone
		{4B3530CB-086B-4005-B193-E070D1B40225}.Release|iPhoneSimulator.ActiveCfg = Release|iPhoneSimulator
		{4B3530CB-086B-4005-B193-E070D1B40225}.Release|iPhoneSimulator.Build.0 = Release|iPhoneSimulator
		{C5086BFE-A739-4030-B513-8448A0C6743F}.Debug|Any CPU.ActiveCfg = Debug|Any CPU
		{C5086BFE-A739-4030-B513-8448A0C6743F}.Debug|Any CPU.Build.0 = Debug|Any CPU
		{C5086BFE-A739-4030-B513-8448A0C6743F}.Debug|iPhone.ActiveCfg = Debug|Any CPU
		{C5086BFE-A739-4030-B513-8448A0C6743F}.Debug|iPhone.Build.0 = Debug|Any CPU
		{C5086BFE-A739-4030-B513-8448A0C6743F}.Debug|iPhoneSimulator.ActiveCfg = Debug|Any CPU
		{C5086BFE-A739-4030-B513-8448A0C6743F}.Debug|iPhoneSimulator.Build.0 = Debug|Any CPU
		{C5086BFE-A739-4030-B513-8448A0C6743F}.Release|Any CPU.ActiveCfg = Release|Any CPU
		{C5086BFE-A739-4030-B513-8448A0C6743F}.Release|Any CPU.Build.0 = Release|Any CPU
		{C5086BFE-A739-4030-B513-8448A0C6743F}.Release|iPhone.ActiveCfg = Release|Any CPU
		{C5086BFE-A739-4030-B513-8448A0C6743F}.Release|iPhone.Build.0 = Release|Any CPU
		{C5086BFE-A739-4030-B513-8448A0C6743F}.Release|iPhoneSimulator.ActiveCfg = Release|Any CPU
		{C5086BFE-A739-4030-B513-8448A0C6743F}.Release|iPhoneSimulator.Build.0 = Release|Any CPU
		{93F6467E-7EAC-4B15-94A8-04CDD3C55F63}.Debug|Any CPU.ActiveCfg = Debug|Any CPU
		{93F6467E-7EAC-4B15-94A8-04CDD3C55F63}.Debug|Any CPU.Build.0 = Debug|Any CPU
		{93F6467E-7EAC-4B15-94A8-04CDD3C55F63}.Debug|Any CPU.Deploy.0 = Debug|Any CPU
		{93F6467E-7EAC-4B15-94A8-04CDD3C55F63}.Debug|iPhone.ActiveCfg = Debug|Any CPU
		{93F6467E-7EAC-4B15-94A8-04CDD3C55F63}.Debug|iPhone.Build.0 = Debug|Any CPU
		{93F6467E-7EAC-4B15-94A8-04CDD3C55F63}.Debug|iPhone.Deploy.0 = Debug|Any CPU
		{93F6467E-7EAC-4B15-94A8-04CDD3C55F63}.Debug|iPhoneSimulator.ActiveCfg = Debug|Any CPU
		{93F6467E-7EAC-4B15-94A8-04CDD3C55F63}.Debug|iPhoneSimulator.Build.0 = Debug|Any CPU
		{93F6467E-7EAC-4B15-94A8-04CDD3C55F63}.Debug|iPhoneSimulator.Deploy.0 = Debug|Any CPU
		{93F6467E-7EAC-4B15-94A8-04CDD3C55F63}.Release|Any CPU.ActiveCfg = Release|Any CPU
		{93F6467E-7EAC-4B15-94A8-04CDD3C55F63}.Release|Any CPU.Build.0 = Release|Any CPU
		{93F6467E-7EAC-4B15-94A8-04CDD3C55F63}.Release|Any CPU.Deploy.0 = Release|Any CPU
		{93F6467E-7EAC-4B15-94A8-04CDD3C55F63}.Release|iPhone.ActiveCfg = Release|Any CPU
		{93F6467E-7EAC-4B15-94A8-04CDD3C55F63}.Release|iPhone.Build.0 = Release|Any CPU
		{93F6467E-7EAC-4B15-94A8-04CDD3C55F63}.Release|iPhone.Deploy.0 = Release|Any CPU
		{93F6467E-7EAC-4B15-94A8-04CDD3C55F63}.Release|iPhoneSimulator.ActiveCfg = Release|Any CPU
		{93F6467E-7EAC-4B15-94A8-04CDD3C55F63}.Release|iPhoneSimulator.Build.0 = Release|Any CPU
		{93F6467E-7EAC-4B15-94A8-04CDD3C55F63}.Release|iPhoneSimulator.Deploy.0 = Release|Any CPU
		{E8696C90-07EE-453C-9137-3B16CF168FED}.Debug|Any CPU.ActiveCfg = Debug|iPhone
		{E8696C90-07EE-453C-9137-3B16CF168FED}.Debug|iPhone.ActiveCfg = Debug|iPhone
		{E8696C90-07EE-453C-9137-3B16CF168FED}.Debug|iPhone.Build.0 = Debug|iPhone
		{E8696C90-07EE-453C-9137-3B16CF168FED}.Debug|iPhoneSimulator.ActiveCfg = Debug|iPhoneSimulator
		{E8696C90-07EE-453C-9137-3B16CF168FED}.Debug|iPhoneSimulator.Build.0 = Debug|iPhoneSimulator
		{E8696C90-07EE-453C-9137-3B16CF168FED}.Release|Any CPU.ActiveCfg = Release|iPhone
		{E8696C90-07EE-453C-9137-3B16CF168FED}.Release|iPhone.ActiveCfg = Release|iPhone
		{E8696C90-07EE-453C-9137-3B16CF168FED}.Release|iPhone.Build.0 = Release|iPhone
		{E8696C90-07EE-453C-9137-3B16CF168FED}.Release|iPhoneSimulator.ActiveCfg = Release|iPhoneSimulator
		{E8696C90-07EE-453C-9137-3B16CF168FED}.Release|iPhoneSimulator.Build.0 = Release|iPhoneSimulator
		{D54DC1AE-782D-439F-97FD-C4836813F713}.Debug|Any CPU.ActiveCfg = Debug|Any CPU
		{D54DC1AE-782D-439F-97FD-C4836813F713}.Debug|Any CPU.Build.0 = Debug|Any CPU
		{D54DC1AE-782D-439F-97FD-C4836813F713}.Debug|iPhone.ActiveCfg = Debug|Any CPU
		{D54DC1AE-782D-439F-97FD-C4836813F713}.Debug|iPhone.Build.0 = Debug|Any CPU
		{D54DC1AE-782D-439F-97FD-C4836813F713}.Debug|iPhoneSimulator.ActiveCfg = Debug|Any CPU
		{D54DC1AE-782D-439F-97FD-C4836813F713}.Debug|iPhoneSimulator.Build.0 = Debug|Any CPU
		{D54DC1AE-782D-439F-97FD-C4836813F713}.Release|Any CPU.ActiveCfg = Release|Any CPU
		{D54DC1AE-782D-439F-97FD-C4836813F713}.Release|Any CPU.Build.0 = Release|Any CPU
		{D54DC1AE-782D-439F-97FD-C4836813F713}.Release|iPhone.ActiveCfg = Release|Any CPU
		{D54DC1AE-782D-439F-97FD-C4836813F713}.Release|iPhone.Build.0 = Release|Any CPU
		{D54DC1AE-782D-439F-97FD-C4836813F713}.Release|iPhoneSimulator.ActiveCfg = Release|Any CPU
		{D54DC1AE-782D-439F-97FD-C4836813F713}.Release|iPhoneSimulator.Build.0 = Release|Any CPU
		{3776AB57-237A-40FD-B9B6-2777148DF2A0}.Debug|Any CPU.ActiveCfg = Debug|Any CPU
		{3776AB57-237A-40FD-B9B6-2777148DF2A0}.Debug|Any CPU.Build.0 = Debug|Any CPU
		{3776AB57-237A-40FD-B9B6-2777148DF2A0}.Debug|Any CPU.Deploy.0 = Debug|Any CPU
		{3776AB57-237A-40FD-B9B6-2777148DF2A0}.Debug|iPhone.ActiveCfg = Debug|Any CPU
		{3776AB57-237A-40FD-B9B6-2777148DF2A0}.Debug|iPhone.Build.0 = Debug|Any CPU
		{3776AB57-237A-40FD-B9B6-2777148DF2A0}.Debug|iPhone.Deploy.0 = Debug|Any CPU
		{3776AB57-237A-40FD-B9B6-2777148DF2A0}.Debug|iPhoneSimulator.ActiveCfg = Debug|Any CPU
		{3776AB57-237A-40FD-B9B6-2777148DF2A0}.Debug|iPhoneSimulator.Build.0 = Debug|Any CPU
		{3776AB57-237A-40FD-B9B6-2777148DF2A0}.Debug|iPhoneSimulator.Deploy.0 = Debug|Any CPU
		{3776AB57-237A-40FD-B9B6-2777148DF2A0}.Release|Any CPU.ActiveCfg = Release|Any CPU
		{3776AB57-237A-40FD-B9B6-2777148DF2A0}.Release|Any CPU.Build.0 = Release|Any CPU
		{3776AB57-237A-40FD-B9B6-2777148DF2A0}.Release|Any CPU.Deploy.0 = Release|Any CPU
		{3776AB57-237A-40FD-B9B6-2777148DF2A0}.Release|iPhone.ActiveCfg = Release|Any CPU
		{3776AB57-237A-40FD-B9B6-2777148DF2A0}.Release|iPhone.Build.0 = Release|Any CPU
		{3776AB57-237A-40FD-B9B6-2777148DF2A0}.Release|iPhone.Deploy.0 = Release|Any CPU
		{3776AB57-237A-40FD-B9B6-2777148DF2A0}.Release|iPhoneSimulator.ActiveCfg = Release|Any CPU
		{3776AB57-237A-40FD-B9B6-2777148DF2A0}.Release|iPhoneSimulator.Build.0 = Release|Any CPU
		{3776AB57-237A-40FD-B9B6-2777148DF2A0}.Release|iPhoneSimulator.Deploy.0 = Release|Any CPU
		{B4F052D6-39BE-4F62-8C42-DC4A5C44E15F}.Debug|Any CPU.ActiveCfg = Debug|iPhoneSimulator
		{B4F052D6-39BE-4F62-8C42-DC4A5C44E15F}.Debug|Any CPU.Build.0 = Debug|iPhoneSimulator
		{B4F052D6-39BE-4F62-8C42-DC4A5C44E15F}.Debug|iPhone.ActiveCfg = Debug|iPhone
		{B4F052D6-39BE-4F62-8C42-DC4A5C44E15F}.Debug|iPhone.Build.0 = Debug|iPhone
		{B4F052D6-39BE-4F62-8C42-DC4A5C44E15F}.Debug|iPhoneSimulator.ActiveCfg = Debug|iPhoneSimulator
		{B4F052D6-39BE-4F62-8C42-DC4A5C44E15F}.Debug|iPhoneSimulator.Build.0 = Debug|iPhoneSimulator
		{B4F052D6-39BE-4F62-8C42-DC4A5C44E15F}.Release|Any CPU.ActiveCfg = Release|iPhone
		{B4F052D6-39BE-4F62-8C42-DC4A5C44E15F}.Release|Any CPU.Build.0 = Release|iPhone
		{B4F052D6-39BE-4F62-8C42-DC4A5C44E15F}.Release|iPhone.ActiveCfg = Release|iPhone
		{B4F052D6-39BE-4F62-8C42-DC4A5C44E15F}.Release|iPhone.Build.0 = Release|iPhone
		{B4F052D6-39BE-4F62-8C42-DC4A5C44E15F}.Release|iPhoneSimulator.ActiveCfg = Release|iPhoneSimulator
		{B4F052D6-39BE-4F62-8C42-DC4A5C44E15F}.Release|iPhoneSimulator.Build.0 = Release|iPhoneSimulator
		{6D199B40-3209-40F3-B5FF-3EE1848A2F0F}.Debug|Any CPU.ActiveCfg = Debug|Any CPU
		{6D199B40-3209-40F3-B5FF-3EE1848A2F0F}.Debug|Any CPU.Build.0 = Debug|Any CPU
		{6D199B40-3209-40F3-B5FF-3EE1848A2F0F}.Debug|Any CPU.Deploy.0 = Debug|Any CPU
		{6D199B40-3209-40F3-B5FF-3EE1848A2F0F}.Debug|iPhone.ActiveCfg = Debug|Any CPU
		{6D199B40-3209-40F3-B5FF-3EE1848A2F0F}.Debug|iPhone.Build.0 = Debug|Any CPU
		{6D199B40-3209-40F3-B5FF-3EE1848A2F0F}.Debug|iPhone.Deploy.0 = Debug|Any CPU
		{6D199B40-3209-40F3-B5FF-3EE1848A2F0F}.Debug|iPhoneSimulator.ActiveCfg = Debug|Any CPU
		{6D199B40-3209-40F3-B5FF-3EE1848A2F0F}.Debug|iPhoneSimulator.Build.0 = Debug|Any CPU
		{6D199B40-3209-40F3-B5FF-3EE1848A2F0F}.Debug|iPhoneSimulator.Deploy.0 = Debug|Any CPU
		{6D199B40-3209-40F3-B5FF-3EE1848A2F0F}.Release|Any CPU.ActiveCfg = Release|Any CPU
		{6D199B40-3209-40F3-B5FF-3EE1848A2F0F}.Release|Any CPU.Build.0 = Release|Any CPU
		{6D199B40-3209-40F3-B5FF-3EE1848A2F0F}.Release|Any CPU.Deploy.0 = Release|Any CPU
		{6D199B40-3209-40F3-B5FF-3EE1848A2F0F}.Release|iPhone.ActiveCfg = Release|Any CPU
		{6D199B40-3209-40F3-B5FF-3EE1848A2F0F}.Release|iPhone.Build.0 = Release|Any CPU
		{6D199B40-3209-40F3-B5FF-3EE1848A2F0F}.Release|iPhone.Deploy.0 = Release|Any CPU
		{6D199B40-3209-40F3-B5FF-3EE1848A2F0F}.Release|iPhoneSimulator.ActiveCfg = Release|Any CPU
		{6D199B40-3209-40F3-B5FF-3EE1848A2F0F}.Release|iPhoneSimulator.Build.0 = Release|Any CPU
		{6D199B40-3209-40F3-B5FF-3EE1848A2F0F}.Release|iPhoneSimulator.Deploy.0 = Release|Any CPU
		{129D5F47-5C2B-46A8-AF06-965CC016DFD4}.Debug|Any CPU.ActiveCfg = Debug|iPhoneSimulator
		{129D5F47-5C2B-46A8-AF06-965CC016DFD4}.Debug|Any CPU.Build.0 = Debug|iPhoneSimulator
		{129D5F47-5C2B-46A8-AF06-965CC016DFD4}.Debug|iPhone.ActiveCfg = Debug|iPhone
		{129D5F47-5C2B-46A8-AF06-965CC016DFD4}.Debug|iPhone.Build.0 = Debug|iPhone
		{129D5F47-5C2B-46A8-AF06-965CC016DFD4}.Debug|iPhoneSimulator.ActiveCfg = Debug|iPhoneSimulator
		{129D5F47-5C2B-46A8-AF06-965CC016DFD4}.Debug|iPhoneSimulator.Build.0 = Debug|iPhoneSimulator
		{129D5F47-5C2B-46A8-AF06-965CC016DFD4}.Release|Any CPU.ActiveCfg = Release|iPhone
		{129D5F47-5C2B-46A8-AF06-965CC016DFD4}.Release|Any CPU.Build.0 = Release|iPhone
		{129D5F47-5C2B-46A8-AF06-965CC016DFD4}.Release|iPhone.ActiveCfg = Release|iPhone
		{129D5F47-5C2B-46A8-AF06-965CC016DFD4}.Release|iPhone.Build.0 = Release|iPhone
		{129D5F47-5C2B-46A8-AF06-965CC016DFD4}.Release|iPhoneSimulator.ActiveCfg = Release|iPhoneSimulator
		{129D5F47-5C2B-46A8-AF06-965CC016DFD4}.Release|iPhoneSimulator.Build.0 = Release|iPhoneSimulator
		{AB6F2981-4FE0-4FCE-98BA-29FE0B9F8380}.Debug|Any CPU.ActiveCfg = Debug|Any CPU
		{AB6F2981-4FE0-4FCE-98BA-29FE0B9F8380}.Debug|Any CPU.Build.0 = Debug|Any CPU
		{AB6F2981-4FE0-4FCE-98BA-29FE0B9F8380}.Debug|Any CPU.Deploy.0 = Debug|Any CPU
		{AB6F2981-4FE0-4FCE-98BA-29FE0B9F8380}.Debug|iPhone.ActiveCfg = Debug|Any CPU
		{AB6F2981-4FE0-4FCE-98BA-29FE0B9F8380}.Debug|iPhone.Build.0 = Debug|Any CPU
		{AB6F2981-4FE0-4FCE-98BA-29FE0B9F8380}.Debug|iPhone.Deploy.0 = Debug|Any CPU
		{AB6F2981-4FE0-4FCE-98BA-29FE0B9F8380}.Debug|iPhoneSimulator.ActiveCfg = Debug|Any CPU
		{AB6F2981-4FE0-4FCE-98BA-29FE0B9F8380}.Debug|iPhoneSimulator.Build.0 = Debug|Any CPU
		{AB6F2981-4FE0-4FCE-98BA-29FE0B9F8380}.Debug|iPhoneSimulator.Deploy.0 = Debug|Any CPU
		{AB6F2981-4FE0-4FCE-98BA-29FE0B9F8380}.Release|Any CPU.ActiveCfg = Release|Any CPU
		{AB6F2981-4FE0-4FCE-98BA-29FE0B9F8380}.Release|Any CPU.Build.0 = Release|Any CPU
		{AB6F2981-4FE0-4FCE-98BA-29FE0B9F8380}.Release|Any CPU.Deploy.0 = Release|Any CPU
		{AB6F2981-4FE0-4FCE-98BA-29FE0B9F8380}.Release|iPhone.ActiveCfg = Release|Any CPU
		{AB6F2981-4FE0-4FCE-98BA-29FE0B9F8380}.Release|iPhone.Build.0 = Release|Any CPU
		{AB6F2981-4FE0-4FCE-98BA-29FE0B9F8380}.Release|iPhone.Deploy.0 = Release|Any CPU
		{AB6F2981-4FE0-4FCE-98BA-29FE0B9F8380}.Release|iPhoneSimulator.ActiveCfg = Release|Any CPU
		{AB6F2981-4FE0-4FCE-98BA-29FE0B9F8380}.Release|iPhoneSimulator.Build.0 = Release|Any CPU
		{AB6F2981-4FE0-4FCE-98BA-29FE0B9F8380}.Release|iPhoneSimulator.Deploy.0 = Release|Any CPU
		{45E775B8-CE68-486D-A06E-A06F855DCBCF}.Debug|Any CPU.ActiveCfg = Debug|Any CPU
		{45E775B8-CE68-486D-A06E-A06F855DCBCF}.Debug|Any CPU.Build.0 = Debug|Any CPU
		{45E775B8-CE68-486D-A06E-A06F855DCBCF}.Debug|Any CPU.Deploy.0 = Debug|Any CPU
		{45E775B8-CE68-486D-A06E-A06F855DCBCF}.Debug|iPhone.ActiveCfg = Debug|Any CPU
		{45E775B8-CE68-486D-A06E-A06F855DCBCF}.Debug|iPhone.Build.0 = Debug|Any CPU
		{45E775B8-CE68-486D-A06E-A06F855DCBCF}.Debug|iPhone.Deploy.0 = Debug|Any CPU
		{45E775B8-CE68-486D-A06E-A06F855DCBCF}.Debug|iPhoneSimulator.ActiveCfg = Debug|Any CPU
		{45E775B8-CE68-486D-A06E-A06F855DCBCF}.Debug|iPhoneSimulator.Build.0 = Debug|Any CPU
		{45E775B8-CE68-486D-A06E-A06F855DCBCF}.Debug|iPhoneSimulator.Deploy.0 = Debug|Any CPU
		{45E775B8-CE68-486D-A06E-A06F855DCBCF}.Release|Any CPU.ActiveCfg = Release|Any CPU
		{45E775B8-CE68-486D-A06E-A06F855DCBCF}.Release|Any CPU.Build.0 = Release|Any CPU
		{45E775B8-CE68-486D-A06E-A06F855DCBCF}.Release|Any CPU.Deploy.0 = Release|Any CPU
		{45E775B8-CE68-486D-A06E-A06F855DCBCF}.Release|iPhone.ActiveCfg = Release|Any CPU
		{45E775B8-CE68-486D-A06E-A06F855DCBCF}.Release|iPhone.Build.0 = Release|Any CPU
		{45E775B8-CE68-486D-A06E-A06F855DCBCF}.Release|iPhone.Deploy.0 = Release|Any CPU
		{45E775B8-CE68-486D-A06E-A06F855DCBCF}.Release|iPhoneSimulator.ActiveCfg = Release|Any CPU
		{45E775B8-CE68-486D-A06E-A06F855DCBCF}.Release|iPhoneSimulator.Build.0 = Release|Any CPU
		{45E775B8-CE68-486D-A06E-A06F855DCBCF}.Release|iPhoneSimulator.Deploy.0 = Release|Any CPU
		{9E5E95C1-56E4-4030-A031-40CFA3DC7394}.Debug|Any CPU.ActiveCfg = Debug|iPhone
		{9E5E95C1-56E4-4030-A031-40CFA3DC7394}.Debug|iPhone.ActiveCfg = Debug|iPhone
		{9E5E95C1-56E4-4030-A031-40CFA3DC7394}.Debug|iPhone.Build.0 = Debug|iPhone
		{9E5E95C1-56E4-4030-A031-40CFA3DC7394}.Debug|iPhoneSimulator.ActiveCfg = Debug|iPhoneSimulator
		{9E5E95C1-56E4-4030-A031-40CFA3DC7394}.Debug|iPhoneSimulator.Build.0 = Debug|iPhoneSimulator
		{9E5E95C1-56E4-4030-A031-40CFA3DC7394}.Release|Any CPU.ActiveCfg = Release|iPhone
		{9E5E95C1-56E4-4030-A031-40CFA3DC7394}.Release|iPhone.ActiveCfg = Release|iPhone
		{9E5E95C1-56E4-4030-A031-40CFA3DC7394}.Release|iPhone.Build.0 = Release|iPhone
		{9E5E95C1-56E4-4030-A031-40CFA3DC7394}.Release|iPhoneSimulator.ActiveCfg = Release|iPhoneSimulator
		{9E5E95C1-56E4-4030-A031-40CFA3DC7394}.Release|iPhoneSimulator.Build.0 = Release|iPhoneSimulator
		{436D8BC7-A174-4160-87FC-3AF01CB64E38}.Debug|Any CPU.ActiveCfg = Debug|Any CPU
		{436D8BC7-A174-4160-87FC-3AF01CB64E38}.Debug|Any CPU.Build.0 = Debug|Any CPU
		{436D8BC7-A174-4160-87FC-3AF01CB64E38}.Debug|iPhone.ActiveCfg = Debug|Any CPU
		{436D8BC7-A174-4160-87FC-3AF01CB64E38}.Debug|iPhone.Build.0 = Debug|Any CPU
		{436D8BC7-A174-4160-87FC-3AF01CB64E38}.Debug|iPhoneSimulator.ActiveCfg = Debug|Any CPU
		{436D8BC7-A174-4160-87FC-3AF01CB64E38}.Debug|iPhoneSimulator.Build.0 = Debug|Any CPU
		{436D8BC7-A174-4160-87FC-3AF01CB64E38}.Release|Any CPU.ActiveCfg = Release|Any CPU
		{436D8BC7-A174-4160-87FC-3AF01CB64E38}.Release|Any CPU.Build.0 = Release|Any CPU
		{436D8BC7-A174-4160-87FC-3AF01CB64E38}.Release|iPhone.ActiveCfg = Release|Any CPU
		{436D8BC7-A174-4160-87FC-3AF01CB64E38}.Release|iPhone.Build.0 = Release|Any CPU
		{436D8BC7-A174-4160-87FC-3AF01CB64E38}.Release|iPhoneSimulator.ActiveCfg = Release|Any CPU
		{436D8BC7-A174-4160-87FC-3AF01CB64E38}.Release|iPhoneSimulator.Build.0 = Release|Any CPU
	EndGlobalSection
	GlobalSection(SolutionProperties) = preSolution
		HideSolutionNode = FALSE
	EndGlobalSection
	GlobalSection(NestedProjects) = preSolution
		{7AF894B5-E480-42C4-B5F0-741019EB7B42} = {9977B278-D2E7-42D8-9829-1C3FD893AE97}
		{8B91D04D-680A-44AD-BF67-D7C0DBE12964} = {EF9AC0D6-0E58-4868-A4AD-AF8366F25E45}
		{D0271F75-0F17-4548-B9E8-367158DA58B0} = {EF9AC0D6-0E58-4868-A4AD-AF8366F25E45}
		{B5370401-C7AE-4BBB-8DF3-9E55EDB02D43} = {D0271F75-0F17-4548-B9E8-367158DA58B0}
		{7B8A1134-124A-47BE-AE1A-31AB94F70F98} = {8B91D04D-680A-44AD-BF67-D7C0DBE12964}
		{715A3D3A-1D5D-4D1E-9723-CEAB0469131E} = {8B91D04D-680A-44AD-BF67-D7C0DBE12964}
		{7B9F939B-499D-4CD7-9D02-B8D3EB458B2A} = {8B91D04D-680A-44AD-BF67-D7C0DBE12964}
		{4B3530CB-086B-4005-B193-E070D1B40225} = {D0271F75-0F17-4548-B9E8-367158DA58B0}
		{C5086BFE-A739-4030-B513-8448A0C6743F} = {F337286E-D188-4F06-AF08-74D3AC5CE89B}
		{93F6467E-7EAC-4B15-94A8-04CDD3C55F63} = {F337286E-D188-4F06-AF08-74D3AC5CE89B}
		{E8696C90-07EE-453C-9137-3B16CF168FED} = {F337286E-D188-4F06-AF08-74D3AC5CE89B}
		{D54DC1AE-782D-439F-97FD-C4836813F713} = {F337286E-D188-4F06-AF08-74D3AC5CE89B}
		{3776AB57-237A-40FD-B9B6-2777148DF2A0} = {F337286E-D188-4F06-AF08-74D3AC5CE89B}
		{B4F052D6-39BE-4F62-8C42-DC4A5C44E15F} = {F337286E-D188-4F06-AF08-74D3AC5CE89B}
		{6D199B40-3209-40F3-B5FF-3EE1848A2F0F} = {F337286E-D188-4F06-AF08-74D3AC5CE89B}
		{129D5F47-5C2B-46A8-AF06-965CC016DFD4} = {F337286E-D188-4F06-AF08-74D3AC5CE89B}
		{C8361A71-82F1-4B30-92DA-1E57E60AA92C} = {EF9AC0D6-0E58-4868-A4AD-AF8366F25E45}
		{AB6F2981-4FE0-4FCE-98BA-29FE0B9F8380} = {C8361A71-82F1-4B30-92DA-1E57E60AA92C}
		{45E775B8-CE68-486D-A06E-A06F855DCBCF} = {F337286E-D188-4F06-AF08-74D3AC5CE89B}
		{9E5E95C1-56E4-4030-A031-40CFA3DC7394} = {F337286E-D188-4F06-AF08-74D3AC5CE89B}
		{436D8BC7-A174-4160-87FC-3AF01CB64E38} = {F337286E-D188-4F06-AF08-74D3AC5CE89B}
	EndGlobalSection
	GlobalSection(ExtensibilityGlobals) = postSolution
		SolutionGuid = {4EC9F1DD-B08B-44D3-A6C5-13366D83E62F}
	EndGlobalSection
EndGlobal
