
Microsoft Visual Studio Solution File, Format Version 12.00
# Visual Studio Version 16
VisualStudioVersion = 16.0.28531.58
MinimumVisualStudioVersion = 10.0.40219.1
Project("{9A19103F-16F7-4668-BE54-9A1E7A4F7556}") = "Shop.Common", "Shop.Common\Shop.Common.csproj", "{217A8B0D-012D-443F-A8C1-F5962E9AEB20}"
EndProject
Project("{2150E333-8FDC-42A3-9474-1A3956D46DE8}") = "Backend", "Backend", "{9977B278-D2E7-42D8-9829-1C3FD893AE97}"
EndProject
Project("{2150E333-8FDC-42A3-9474-1A3956D46DE8}") = "Frontend", "Frontend", "{EF9AC0D6-0E58-4868-A4AD-AF8366F25E45}"
EndProject
Project("{9A19103F-16F7-4668-BE54-9A1E7A4F7556}") = "Shop.Web", "Shop.Web\Shop.Web.csproj", "{7AF894B5-E480-42C4-B5F0-741019EB7B42}"
EndProject
Project("{2150E333-8FDC-42A3-9474-1A3956D46DE8}") = "Forms", "Forms", "{8B91D04D-680A-44AD-BF67-D7C0DBE12964}"
EndProject
Project("{2150E333-8FDC-42A3-9474-1A3956D46DE8}") = "Classic", "Classic", "{D0271F75-0F17-4548-B9E8-367158DA58B0}"
EndProject
Project("{FAE04EC0-301F-11D3-BF4B-00C04F79EFBC}") = "Shop.UIClassic.Android", "Shop.UIClassic.Android\Shop.UIClassic.Android.csproj", "{B5370401-C7AE-4BBB-8DF3-9E55EDB02D43}"
EndProject
Project("{FAE04EC0-301F-11D3-BF4B-00C04F79EFBC}") = "Shop.UIForms.Android", "Shop.UIForms\Shop.UIForms.Android\Shop.UIForms.Android.csproj", "{7B8A1134-124A-47BE-AE1A-31AB94F70F98}"
EndProject
Project("{FAE04EC0-301F-11D3-BF4B-00C04F79EFBC}") = "Shop.UIForms.iOS", "Shop.UIForms\Shop.UIForms.iOS\Shop.UIForms.iOS.csproj", "{715A3D3A-1D5D-4D1E-9723-CEAB0469131E}"
EndProject
Project("{9A19103F-16F7-4668-BE54-9A1E7A4F7556}") = "Shop.UIForms", "Shop.UIForms\Shop.UIForms\Shop.UIForms.csproj", "{7B9F939B-499D-4CD7-9D02-B8D3EB458B2A}"
EndProject
Project("{FAE04EC0-301F-11D3-BF4B-00C04F79EFBC}") = "Shop.UIClassic.iOS", "Shop.UIClassic.Android\Shop.UIClassic.iOS\Shop.UIClassic.iOS.csproj", "{4B3530CB-086B-4005-B193-E070D1B40225}"
EndProject
Project("{2150E333-8FDC-42A3-9474-1A3956D46DE8}") = "MVVMCross", "MVVMCross", "{C8361A71-82F1-4B30-92DA-1E57E60AA92C}"
EndProject
Project("{FAE04EC0-301F-11D3-BF4B-00C04F79EFBC}") = "UICross.Android", "UICross.Android\UICross.Android.csproj", "{AB6F2981-4FE0-4FCE-98BA-29FE0B9F8380}"
EndProject
Project("{2150E333-8FDC-42A3-9474-1A3956D46DE8}") = "MVVMCrossTestConcept", "MVVMCrossTestConcept", "{5704C078-B999-4095-BD7D-D64E03D48935}"
EndProject
Project("{9A19103F-16F7-4668-BE54-9A1E7A4F7556}") = "FourWays.Core", "FourWays.Core\FourWays.Core.csproj", "{CB09B52F-6D7E-4AC9-AD87-E5DAA97604DF}"
EndProject
Project("{FAE04EC0-301F-11D3-BF4B-00C04F79EFBC}") = "FourWays.FormsTraditional.Android", "FourWays.FormsTraditional\FourWays.FormsTraditional.Android\FourWays.FormsTraditional.Android.csproj", "{C6FFE2E0-1347-49B0-B1B9-721864AC0138}"
EndProject
Project("{FAE04EC0-301F-11D3-BF4B-00C04F79EFBC}") = "FourWays.FormsTraditional.iOS", "FourWays.FormsTraditional\FourWays.FormsTraditional.iOS\FourWays.FormsTraditional.iOS.csproj", "{73187E12-A051-4603-A976-C26519E7B030}"
EndProject
Project("{9A19103F-16F7-4668-BE54-9A1E7A4F7556}") = "FourWays.FormsTraditional", "FourWays.FormsTraditional\FourWays.FormsTraditional\FourWays.FormsTraditional.csproj", "{74868660-BFE7-4F21-B817-6B6D8BC722E3}"
EndProject
Project("{FAE04EC0-301F-11D3-BF4B-00C04F79EFBC}") = "FourWays.Classic.Droid", "FourWays.Classic.Droid\FourWays.Classic.Droid.csproj", "{F5C45F48-ADB4-4E15-9E43-825EB6503DD6}"
EndProject
Project("{FAE04EC0-301F-11D3-BF4B-00C04F79EFBC}") = "FourWays.Classic.iOS", "FourWays.Classic.iOS\FourWays.Classic.iOS.csproj", "{5E492085-42F2-43A3-8E88-D60B2E9E60A7}"
EndProject
Project("{FAE04EC0-301F-11D3-BF4B-00C04F79EFBC}") = "FourWays.Cross.Droid", "FourWays.Cross.Droid\FourWays.Cross.Droid.csproj", "{114B97D2-D4AA-4101-BC8D-430050C93C2D}"
EndProject
Project("{FAE04EC0-301F-11D3-BF4B-00C04F79EFBC}") = "FourWays.Cross.iOS", "FourWays.Cross.iOS\FourWays.Cross.iOS.csproj", "{B2F05427-AC0A-4D99-AE39-18B3347ACD3C}"
EndProject
Project("{FAE04EC0-301F-11D3-BF4B-00C04F79EFBC}") = "FourWays.FormsCross.Android", "FourWays.FormsCross\FourWays.FormsCross.Android\FourWays.FormsCross.Android.csproj", "{E767A453-5C96-49BD-AF34-FD1C032AA7CA}"
EndProject
Project("{FAE04EC0-301F-11D3-BF4B-00C04F79EFBC}") = "FourWays.FormsCross.iOS", "FourWays.FormsCross\FourWays.FormsCross.iOS\FourWays.FormsCross.iOS.csproj", "{25504839-730A-47DD-B942-9695E607F717}"
EndProject
Project("{9A19103F-16F7-4668-BE54-9A1E7A4F7556}") = "FourWays.FormsCross", "FourWays.FormsCross\FourWays.FormsCross\FourWays.FormsCross.csproj", "{4C17CA82-8963-40E5-B8FE-5CBC383CDBAD}"
EndProject
Project("{FAE04EC0-301F-11D3-BF4B-00C04F79EFBC}") = "Shop.UnitTest", "Shop.UnitTest\Shop.UnitTest.csproj", "{A671B650-9DED-4DD7-BCFD-37B101FD6949}"
EndProject
Global
	GlobalSection(SolutionConfigurationPlatforms) = preSolution
		Debug|Any CPU = Debug|Any CPU
		Debug|iPhone = Debug|iPhone
		Debug|iPhoneSimulator = Debug|iPhoneSimulator
		Release|Any CPU = Release|Any CPU
		Release|iPhone = Release|iPhone
		Release|iPhoneSimulator = Release|iPhoneSimulator
	EndGlobalSection
	GlobalSection(ProjectConfigurationPlatforms) = postSolution
		{217A8B0D-012D-443F-A8C1-F5962E9AEB20}.Debug|Any CPU.ActiveCfg = Debug|Any CPU
		{217A8B0D-012D-443F-A8C1-F5962E9AEB20}.Debug|Any CPU.Build.0 = Debug|Any CPU
		{217A8B0D-012D-443F-A8C1-F5962E9AEB20}.Debug|iPhone.ActiveCfg = Debug|Any CPU
		{217A8B0D-012D-443F-A8C1-F5962E9AEB20}.Debug|iPhone.Build.0 = Debug|Any CPU
		{217A8B0D-012D-443F-A8C1-F5962E9AEB20}.Debug|iPhoneSimulator.ActiveCfg = Debug|Any CPU
		{217A8B0D-012D-443F-A8C1-F5962E9AEB20}.Debug|iPhoneSimulator.Build.0 = Debug|Any CPU
		{217A8B0D-012D-443F-A8C1-F5962E9AEB20}.Release|Any CPU.ActiveCfg = Release|Any CPU
		{217A8B0D-012D-443F-A8C1-F5962E9AEB20}.Release|Any CPU.Build.0 = Release|Any CPU
		{217A8B0D-012D-443F-A8C1-F5962E9AEB20}.Release|iPhone.ActiveCfg = Release|Any CPU
		{217A8B0D-012D-443F-A8C1-F5962E9AEB20}.Release|iPhone.Build.0 = Release|Any CPU
		{217A8B0D-012D-443F-A8C1-F5962E9AEB20}.Release|iPhoneSimulator.ActiveCfg = Release|Any CPU
		{217A8B0D-012D-443F-A8C1-F5962E9AEB20}.Release|iPhoneSimulator.Build.0 = Release|Any CPU
		{7AF894B5-E480-42C4-B5F0-741019EB7B42}.Debug|Any CPU.ActiveCfg = Debug|Any CPU
		{7AF894B5-E480-42C4-B5F0-741019EB7B42}.Debug|Any CPU.Build.0 = Debug|Any CPU
		{7AF894B5-E480-42C4-B5F0-741019EB7B42}.Debug|iPhone.ActiveCfg = Debug|Any CPU
		{7AF894B5-E480-42C4-B5F0-741019EB7B42}.Debug|iPhone.Build.0 = Debug|Any CPU
		{7AF894B5-E480-42C4-B5F0-741019EB7B42}.Debug|iPhoneSimulator.ActiveCfg = Debug|Any CPU
		{7AF894B5-E480-42C4-B5F0-741019EB7B42}.Debug|iPhoneSimulator.Build.0 = Debug|Any CPU
		{7AF894B5-E480-42C4-B5F0-741019EB7B42}.Release|Any CPU.ActiveCfg = Release|Any CPU
		{7AF894B5-E480-42C4-B5F0-741019EB7B42}.Release|Any CPU.Build.0 = Release|Any CPU
		{7AF894B5-E480-42C4-B5F0-741019EB7B42}.Release|iPhone.ActiveCfg = Release|Any CPU
		{7AF894B5-E480-42C4-B5F0-741019EB7B42}.Release|iPhone.Build.0 = Release|Any CPU
		{7AF894B5-E480-42C4-B5F0-741019EB7B42}.Release|iPhoneSimulator.ActiveCfg = Release|Any CPU
		{7AF894B5-E480-42C4-B5F0-741019EB7B42}.Release|iPhoneSimulator.Build.0 = Release|Any CPU
		{B5370401-C7AE-4BBB-8DF3-9E55EDB02D43}.Debug|Any CPU.ActiveCfg = Debug|Any CPU
		{B5370401-C7AE-4BBB-8DF3-9E55EDB02D43}.Debug|Any CPU.Build.0 = Debug|Any CPU
		{B5370401-C7AE-4BBB-8DF3-9E55EDB02D43}.Debug|Any CPU.Deploy.0 = Debug|Any CPU
		{B5370401-C7AE-4BBB-8DF3-9E55EDB02D43}.Debug|iPhone.ActiveCfg = Debug|Any CPU
		{B5370401-C7AE-4BBB-8DF3-9E55EDB02D43}.Debug|iPhone.Build.0 = Debug|Any CPU
		{B5370401-C7AE-4BBB-8DF3-9E55EDB02D43}.Debug|iPhone.Deploy.0 = Debug|Any CPU
		{B5370401-C7AE-4BBB-8DF3-9E55EDB02D43}.Debug|iPhoneSimulator.ActiveCfg = Debug|Any CPU
		{B5370401-C7AE-4BBB-8DF3-9E55EDB02D43}.Debug|iPhoneSimulator.Build.0 = Debug|Any CPU
		{B5370401-C7AE-4BBB-8DF3-9E55EDB02D43}.Debug|iPhoneSimulator.Deploy.0 = Debug|Any CPU
		{B5370401-C7AE-4BBB-8DF3-9E55EDB02D43}.Release|Any CPU.ActiveCfg = Release|Any CPU
		{B5370401-C7AE-4BBB-8DF3-9E55EDB02D43}.Release|Any CPU.Build.0 = Release|Any CPU
		{B5370401-C7AE-4BBB-8DF3-9E55EDB02D43}.Release|Any CPU.Deploy.0 = Release|Any CPU
		{B5370401-C7AE-4BBB-8DF3-9E55EDB02D43}.Release|iPhone.ActiveCfg = Release|Any CPU
		{B5370401-C7AE-4BBB-8DF3-9E55EDB02D43}.Release|iPhone.Build.0 = Release|Any CPU
		{B5370401-C7AE-4BBB-8DF3-9E55EDB02D43}.Release|iPhone.Deploy.0 = Release|Any CPU
		{B5370401-C7AE-4BBB-8DF3-9E55EDB02D43}.Release|iPhoneSimulator.ActiveCfg = Release|Any CPU
		{B5370401-C7AE-4BBB-8DF3-9E55EDB02D43}.Release|iPhoneSimulator.Build.0 = Release|Any CPU
		{B5370401-C7AE-4BBB-8DF3-9E55EDB02D43}.Release|iPhoneSimulator.Deploy.0 = Release|Any CPU
		{7B8A1134-124A-47BE-AE1A-31AB94F70F98}.Debug|Any CPU.ActiveCfg = Debug|Any CPU
		{7B8A1134-124A-47BE-AE1A-31AB94F70F98}.Debug|Any CPU.Build.0 = Debug|Any CPU
		{7B8A1134-124A-47BE-AE1A-31AB94F70F98}.Debug|Any CPU.Deploy.0 = Debug|Any CPU
		{7B8A1134-124A-47BE-AE1A-31AB94F70F98}.Debug|iPhone.ActiveCfg = Debug|Any CPU
		{7B8A1134-124A-47BE-AE1A-31AB94F70F98}.Debug|iPhone.Build.0 = Debug|Any CPU
		{7B8A1134-124A-47BE-AE1A-31AB94F70F98}.Debug|iPhone.Deploy.0 = Debug|Any CPU
		{7B8A1134-124A-47BE-AE1A-31AB94F70F98}.Debug|iPhoneSimulator.ActiveCfg = Debug|Any CPU
		{7B8A1134-124A-47BE-AE1A-31AB94F70F98}.Debug|iPhoneSimulator.Build.0 = Debug|Any CPU
		{7B8A1134-124A-47BE-AE1A-31AB94F70F98}.Debug|iPhoneSimulator.Deploy.0 = Debug|Any CPU
		{7B8A1134-124A-47BE-AE1A-31AB94F70F98}.Release|Any CPU.ActiveCfg = Release|Any CPU
		{7B8A1134-124A-47BE-AE1A-31AB94F70F98}.Release|Any CPU.Build.0 = Release|Any CPU
		{7B8A1134-124A-47BE-AE1A-31AB94F70F98}.Release|Any CPU.Deploy.0 = Release|Any CPU
		{7B8A1134-124A-47BE-AE1A-31AB94F70F98}.Release|iPhone.ActiveCfg = Release|Any CPU
		{7B8A1134-124A-47BE-AE1A-31AB94F70F98}.Release|iPhone.Build.0 = Release|Any CPU
		{7B8A1134-124A-47BE-AE1A-31AB94F70F98}.Release|iPhone.Deploy.0 = Release|Any CPU
		{7B8A1134-124A-47BE-AE1A-31AB94F70F98}.Release|iPhoneSimulator.ActiveCfg = Release|Any CPU
		{7B8A1134-124A-47BE-AE1A-31AB94F70F98}.Release|iPhoneSimulator.Build.0 = Release|Any CPU
		{7B8A1134-124A-47BE-AE1A-31AB94F70F98}.Release|iPhoneSimulator.Deploy.0 = Release|Any CPU
		{715A3D3A-1D5D-4D1E-9723-CEAB0469131E}.Debug|Any CPU.ActiveCfg = Debug|iPhone
		{715A3D3A-1D5D-4D1E-9723-CEAB0469131E}.Debug|iPhone.ActiveCfg = Debug|iPhone
		{715A3D3A-1D5D-4D1E-9723-CEAB0469131E}.Debug|iPhone.Build.0 = Debug|iPhone
		{715A3D3A-1D5D-4D1E-9723-CEAB0469131E}.Debug|iPhoneSimulator.ActiveCfg = Debug|iPhoneSimulator
		{715A3D3A-1D5D-4D1E-9723-CEAB0469131E}.Debug|iPhoneSimulator.Build.0 = Debug|iPhoneSimulator
		{715A3D3A-1D5D-4D1E-9723-CEAB0469131E}.Release|Any CPU.ActiveCfg = Release|iPhone
		{715A3D3A-1D5D-4D1E-9723-CEAB0469131E}.Release|iPhone.ActiveCfg = Release|iPhone
		{715A3D3A-1D5D-4D1E-9723-CEAB0469131E}.Release|iPhone.Build.0 = Release|iPhone
		{715A3D3A-1D5D-4D1E-9723-CEAB0469131E}.Release|iPhoneSimulator.ActiveCfg = Release|iPhoneSimulator
		{715A3D3A-1D5D-4D1E-9723-CEAB0469131E}.Release|iPhoneSimulator.Build.0 = Release|iPhoneSimulator
		{7B9F939B-499D-4CD7-9D02-B8D3EB458B2A}.Debug|Any CPU.ActiveCfg = Debug|Any CPU
		{7B9F939B-499D-4CD7-9D02-B8D3EB458B2A}.Debug|Any CPU.Build.0 = Debug|Any CPU
		{7B9F939B-499D-4CD7-9D02-B8D3EB458B2A}.Debug|iPhone.ActiveCfg = Debug|Any CPU
		{7B9F939B-499D-4CD7-9D02-B8D3EB458B2A}.Debug|iPhone.Build.0 = Debug|Any CPU
		{7B9F939B-499D-4CD7-9D02-B8D3EB458B2A}.Debug|iPhoneSimulator.ActiveCfg = Debug|Any CPU
		{7B9F939B-499D-4CD7-9D02-B8D3EB458B2A}.Debug|iPhoneSimulator.Build.0 = Debug|Any CPU
		{7B9F939B-499D-4CD7-9D02-B8D3EB458B2A}.Release|Any CPU.ActiveCfg = Release|Any CPU
		{7B9F939B-499D-4CD7-9D02-B8D3EB458B2A}.Release|Any CPU.Build.0 = Release|Any CPU
		{7B9F939B-499D-4CD7-9D02-B8D3EB458B2A}.Release|iPhone.ActiveCfg = Release|Any CPU
		{7B9F939B-499D-4CD7-9D02-B8D3EB458B2A}.Release|iPhone.Build.0 = Release|Any CPU
		{7B9F939B-499D-4CD7-9D02-B8D3EB458B2A}.Release|iPhoneSimulator.ActiveCfg = Release|Any CPU
		{7B9F939B-499D-4CD7-9D02-B8D3EB458B2A}.Release|iPhoneSimulator.Build.0 = Release|Any CPU
		{4B3530CB-086B-4005-B193-E070D1B40225}.Debug|Any CPU.ActiveCfg = Debug|iPhoneSimulator
		{4B3530CB-086B-4005-B193-E070D1B40225}.Debug|Any CPU.Build.0 = Debug|iPhoneSimulator
		{4B3530CB-086B-4005-B193-E070D1B40225}.Debug|iPhone.ActiveCfg = Debug|iPhone
		{4B3530CB-086B-4005-B193-E070D1B40225}.Debug|iPhone.Build.0 = Debug|iPhone
		{4B3530CB-086B-4005-B193-E070D1B40225}.Debug|iPhoneSimulator.ActiveCfg = Debug|iPhoneSimulator
		{4B3530CB-086B-4005-B193-E070D1B40225}.Debug|iPhoneSimulator.Build.0 = Debug|iPhoneSimulator
		{4B3530CB-086B-4005-B193-E070D1B40225}.Release|Any CPU.ActiveCfg = Release|iPhone
		{4B3530CB-086B-4005-B193-E070D1B40225}.Release|Any CPU.Build.0 = Release|iPhone
		{4B3530CB-086B-4005-B193-E070D1B40225}.Release|iPhone.ActiveCfg = Release|iPhone
		{4B3530CB-086B-4005-B193-E070D1B40225}.Release|iPhone.Build.0 = Release|iPhone
		{4B3530CB-086B-4005-B193-E070D1B40225}.Release|iPhoneSimulator.ActiveCfg = Release|iPhoneSimulator
		{4B3530CB-086B-4005-B193-E070D1B40225}.Release|iPhoneSimulator.Build.0 = Release|iPhoneSimulator
		{AB6F2981-4FE0-4FCE-98BA-29FE0B9F8380}.Debug|Any CPU.ActiveCfg = Debug|Any CPU
		{AB6F2981-4FE0-4FCE-98BA-29FE0B9F8380}.Debug|Any CPU.Build.0 = Debug|Any CPU
		{AB6F2981-4FE0-4FCE-98BA-29FE0B9F8380}.Debug|Any CPU.Deploy.0 = Debug|Any CPU
		{AB6F2981-4FE0-4FCE-98BA-29FE0B9F8380}.Debug|iPhone.ActiveCfg = Debug|Any CPU
		{AB6F2981-4FE0-4FCE-98BA-29FE0B9F8380}.Debug|iPhone.Build.0 = Debug|Any CPU
		{AB6F2981-4FE0-4FCE-98BA-29FE0B9F8380}.Debug|iPhone.Deploy.0 = Debug|Any CPU
		{AB6F2981-4FE0-4FCE-98BA-29FE0B9F8380}.Debug|iPhoneSimulator.ActiveCfg = Debug|Any CPU
		{AB6F2981-4FE0-4FCE-98BA-29FE0B9F8380}.Debug|iPhoneSimulator.Build.0 = Debug|Any CPU
		{AB6F2981-4FE0-4FCE-98BA-29FE0B9F8380}.Debug|iPhoneSimulator.Deploy.0 = Debug|Any CPU
		{AB6F2981-4FE0-4FCE-98BA-29FE0B9F8380}.Release|Any CPU.ActiveCfg = Release|Any CPU
		{AB6F2981-4FE0-4FCE-98BA-29FE0B9F8380}.Release|Any CPU.Build.0 = Release|Any CPU
		{AB6F2981-4FE0-4FCE-98BA-29FE0B9F8380}.Release|Any CPU.Deploy.0 = Release|Any CPU
		{AB6F2981-4FE0-4FCE-98BA-29FE0B9F8380}.Release|iPhone.ActiveCfg = Release|Any CPU
		{AB6F2981-4FE0-4FCE-98BA-29FE0B9F8380}.Release|iPhone.Build.0 = Release|Any CPU
		{AB6F2981-4FE0-4FCE-98BA-29FE0B9F8380}.Release|iPhone.Deploy.0 = Release|Any CPU
		{AB6F2981-4FE0-4FCE-98BA-29FE0B9F8380}.Release|iPhoneSimulator.ActiveCfg = Release|Any CPU
		{AB6F2981-4FE0-4FCE-98BA-29FE0B9F8380}.Release|iPhoneSimulator.Build.0 = Release|Any CPU
		{AB6F2981-4FE0-4FCE-98BA-29FE0B9F8380}.Release|iPhoneSimulator.Deploy.0 = Release|Any CPU
		{CB09B52F-6D7E-4AC9-AD87-E5DAA97604DF}.Debug|Any CPU.ActiveCfg = Debug|Any CPU
		{CB09B52F-6D7E-4AC9-AD87-E5DAA97604DF}.Debug|Any CPU.Build.0 = Debug|Any CPU
		{CB09B52F-6D7E-4AC9-AD87-E5DAA97604DF}.Debug|iPhone.ActiveCfg = Debug|Any CPU
		{CB09B52F-6D7E-4AC9-AD87-E5DAA97604DF}.Debug|iPhone.Build.0 = Debug|Any CPU
		{CB09B52F-6D7E-4AC9-AD87-E5DAA97604DF}.Debug|iPhoneSimulator.ActiveCfg = Debug|Any CPU
		{CB09B52F-6D7E-4AC9-AD87-E5DAA97604DF}.Debug|iPhoneSimulator.Build.0 = Debug|Any CPU
		{CB09B52F-6D7E-4AC9-AD87-E5DAA97604DF}.Release|Any CPU.ActiveCfg = Release|Any CPU
		{CB09B52F-6D7E-4AC9-AD87-E5DAA97604DF}.Release|Any CPU.Build.0 = Release|Any CPU
		{CB09B52F-6D7E-4AC9-AD87-E5DAA97604DF}.Release|iPhone.ActiveCfg = Release|Any CPU
		{CB09B52F-6D7E-4AC9-AD87-E5DAA97604DF}.Release|iPhone.Build.0 = Release|Any CPU
		{CB09B52F-6D7E-4AC9-AD87-E5DAA97604DF}.Release|iPhoneSimulator.ActiveCfg = Release|Any CPU
		{CB09B52F-6D7E-4AC9-AD87-E5DAA97604DF}.Release|iPhoneSimulator.Build.0 = Release|Any CPU
		{C6FFE2E0-1347-49B0-B1B9-721864AC0138}.Debug|Any CPU.ActiveCfg = Debug|Any CPU
		{C6FFE2E0-1347-49B0-B1B9-721864AC0138}.Debug|Any CPU.Build.0 = Debug|Any CPU
		{C6FFE2E0-1347-49B0-B1B9-721864AC0138}.Debug|Any CPU.Deploy.0 = Debug|Any CPU
		{C6FFE2E0-1347-49B0-B1B9-721864AC0138}.Debug|iPhone.ActiveCfg = Debug|Any CPU
		{C6FFE2E0-1347-49B0-B1B9-721864AC0138}.Debug|iPhone.Build.0 = Debug|Any CPU
		{C6FFE2E0-1347-49B0-B1B9-721864AC0138}.Debug|iPhone.Deploy.0 = Debug|Any CPU
		{C6FFE2E0-1347-49B0-B1B9-721864AC0138}.Debug|iPhoneSimulator.ActiveCfg = Debug|Any CPU
		{C6FFE2E0-1347-49B0-B1B9-721864AC0138}.Debug|iPhoneSimulator.Build.0 = Debug|Any CPU
		{C6FFE2E0-1347-49B0-B1B9-721864AC0138}.Debug|iPhoneSimulator.Deploy.0 = Debug|Any CPU
		{C6FFE2E0-1347-49B0-B1B9-721864AC0138}.Release|Any CPU.ActiveCfg = Release|Any CPU
		{C6FFE2E0-1347-49B0-B1B9-721864AC0138}.Release|Any CPU.Build.0 = Release|Any CPU
		{C6FFE2E0-1347-49B0-B1B9-721864AC0138}.Release|Any CPU.Deploy.0 = Release|Any CPU
		{C6FFE2E0-1347-49B0-B1B9-721864AC0138}.Release|iPhone.ActiveCfg = Release|Any CPU
		{C6FFE2E0-1347-49B0-B1B9-721864AC0138}.Release|iPhone.Build.0 = Release|Any CPU
		{C6FFE2E0-1347-49B0-B1B9-721864AC0138}.Release|iPhone.Deploy.0 = Release|Any CPU
		{C6FFE2E0-1347-49B0-B1B9-721864AC0138}.Release|iPhoneSimulator.ActiveCfg = Release|Any CPU
		{C6FFE2E0-1347-49B0-B1B9-721864AC0138}.Release|iPhoneSimulator.Build.0 = Release|Any CPU
		{C6FFE2E0-1347-49B0-B1B9-721864AC0138}.Release|iPhoneSimulator.Deploy.0 = Release|Any CPU
		{73187E12-A051-4603-A976-C26519E7B030}.Debug|Any CPU.ActiveCfg = Debug|iPhone
		{73187E12-A051-4603-A976-C26519E7B030}.Debug|iPhone.ActiveCfg = Debug|iPhone
		{73187E12-A051-4603-A976-C26519E7B030}.Debug|iPhone.Build.0 = Debug|iPhone
		{73187E12-A051-4603-A976-C26519E7B030}.Debug|iPhoneSimulator.ActiveCfg = Debug|iPhoneSimulator
		{73187E12-A051-4603-A976-C26519E7B030}.Debug|iPhoneSimulator.Build.0 = Debug|iPhoneSimulator
		{73187E12-A051-4603-A976-C26519E7B030}.Release|Any CPU.ActiveCfg = Release|iPhone
		{73187E12-A051-4603-A976-C26519E7B030}.Release|iPhone.ActiveCfg = Release|iPhone
		{73187E12-A051-4603-A976-C26519E7B030}.Release|iPhone.Build.0 = Release|iPhone
		{73187E12-A051-4603-A976-C26519E7B030}.Release|iPhoneSimulator.ActiveCfg = Release|iPhoneSimulator
		{73187E12-A051-4603-A976-C26519E7B030}.Release|iPhoneSimulator.Build.0 = Release|iPhoneSimulator
		{74868660-BFE7-4F21-B817-6B6D8BC722E3}.Debug|Any CPU.ActiveCfg = Debug|Any CPU
		{74868660-BFE7-4F21-B817-6B6D8BC722E3}.Debug|Any CPU.Build.0 = Debug|Any CPU
		{74868660-BFE7-4F21-B817-6B6D8BC722E3}.Debug|iPhone.ActiveCfg = Debug|Any CPU
		{74868660-BFE7-4F21-B817-6B6D8BC722E3}.Debug|iPhone.Build.0 = Debug|Any CPU
		{74868660-BFE7-4F21-B817-6B6D8BC722E3}.Debug|iPhoneSimulator.ActiveCfg = Debug|Any CPU
		{74868660-BFE7-4F21-B817-6B6D8BC722E3}.Debug|iPhoneSimulator.Build.0 = Debug|Any CPU
		{74868660-BFE7-4F21-B817-6B6D8BC722E3}.Release|Any CPU.ActiveCfg = Release|Any CPU
		{74868660-BFE7-4F21-B817-6B6D8BC722E3}.Release|Any CPU.Build.0 = Release|Any CPU
		{74868660-BFE7-4F21-B817-6B6D8BC722E3}.Release|iPhone.ActiveCfg = Release|Any CPU
		{74868660-BFE7-4F21-B817-6B6D8BC722E3}.Release|iPhone.Build.0 = Release|Any CPU
		{74868660-BFE7-4F21-B817-6B6D8BC722E3}.Release|iPhoneSimulator.ActiveCfg = Release|Any CPU
		{74868660-BFE7-4F21-B817-6B6D8BC722E3}.Release|iPhoneSimulator.Build.0 = Release|Any CPU
		{F5C45F48-ADB4-4E15-9E43-825EB6503DD6}.Debug|Any CPU.ActiveCfg = Debug|Any CPU
		{F5C45F48-ADB4-4E15-9E43-825EB6503DD6}.Debug|Any CPU.Build.0 = Debug|Any CPU
		{F5C45F48-ADB4-4E15-9E43-825EB6503DD6}.Debug|Any CPU.Deploy.0 = Debug|Any CPU
		{F5C45F48-ADB4-4E15-9E43-825EB6503DD6}.Debug|iPhone.ActiveCfg = Debug|Any CPU
		{F5C45F48-ADB4-4E15-9E43-825EB6503DD6}.Debug|iPhone.Build.0 = Debug|Any CPU
		{F5C45F48-ADB4-4E15-9E43-825EB6503DD6}.Debug|iPhone.Deploy.0 = Debug|Any CPU
		{F5C45F48-ADB4-4E15-9E43-825EB6503DD6}.Debug|iPhoneSimulator.ActiveCfg = Debug|Any CPU
		{F5C45F48-ADB4-4E15-9E43-825EB6503DD6}.Debug|iPhoneSimulator.Build.0 = Debug|Any CPU
		{F5C45F48-ADB4-4E15-9E43-825EB6503DD6}.Debug|iPhoneSimulator.Deploy.0 = Debug|Any CPU
		{F5C45F48-ADB4-4E15-9E43-825EB6503DD6}.Release|Any CPU.ActiveCfg = Release|Any CPU
		{F5C45F48-ADB4-4E15-9E43-825EB6503DD6}.Release|Any CPU.Build.0 = Release|Any CPU
		{F5C45F48-ADB4-4E15-9E43-825EB6503DD6}.Release|Any CPU.Deploy.0 = Release|Any CPU
		{F5C45F48-ADB4-4E15-9E43-825EB6503DD6}.Release|iPhone.ActiveCfg = Release|Any CPU
		{F5C45F48-ADB4-4E15-9E43-825EB6503DD6}.Release|iPhone.Build.0 = Release|Any CPU
		{F5C45F48-ADB4-4E15-9E43-825EB6503DD6}.Release|iPhone.Deploy.0 = Release|Any CPU
		{F5C45F48-ADB4-4E15-9E43-825EB6503DD6}.Release|iPhoneSimulator.ActiveCfg = Release|Any CPU
		{F5C45F48-ADB4-4E15-9E43-825EB6503DD6}.Release|iPhoneSimulator.Build.0 = Release|Any CPU
		{F5C45F48-ADB4-4E15-9E43-825EB6503DD6}.Release|iPhoneSimulator.Deploy.0 = Release|Any CPU
		{5E492085-42F2-43A3-8E88-D60B2E9E60A7}.Debug|Any CPU.ActiveCfg = Debug|iPhone
		{5E492085-42F2-43A3-8E88-D60B2E9E60A7}.Debug|iPhone.ActiveCfg = Debug|iPhone
		{5E492085-42F2-43A3-8E88-D60B2E9E60A7}.Debug|iPhone.Build.0 = Debug|iPhone
		{5E492085-42F2-43A3-8E88-D60B2E9E60A7}.Debug|iPhoneSimulator.ActiveCfg = Debug|iPhoneSimulator
		{5E492085-42F2-43A3-8E88-D60B2E9E60A7}.Debug|iPhoneSimulator.Build.0 = Debug|iPhoneSimulator
		{5E492085-42F2-43A3-8E88-D60B2E9E60A7}.Release|Any CPU.ActiveCfg = Release|iPhone
		{5E492085-42F2-43A3-8E88-D60B2E9E60A7}.Release|iPhone.ActiveCfg = Release|iPhone
		{5E492085-42F2-43A3-8E88-D60B2E9E60A7}.Release|iPhone.Build.0 = Release|iPhone
		{5E492085-42F2-43A3-8E88-D60B2E9E60A7}.Release|iPhoneSimulator.ActiveCfg = Release|iPhoneSimulator
		{5E492085-42F2-43A3-8E88-D60B2E9E60A7}.Release|iPhoneSimulator.Build.0 = Release|iPhoneSimulator
		{114B97D2-D4AA-4101-BC8D-430050C93C2D}.Debug|Any CPU.ActiveCfg = Debug|Any CPU
		{114B97D2-D4AA-4101-BC8D-430050C93C2D}.Debug|Any CPU.Build.0 = Debug|Any CPU
		{114B97D2-D4AA-4101-BC8D-430050C93C2D}.Debug|Any CPU.Deploy.0 = Debug|Any CPU
		{114B97D2-D4AA-4101-BC8D-430050C93C2D}.Debug|iPhone.ActiveCfg = Debug|Any CPU
		{114B97D2-D4AA-4101-BC8D-430050C93C2D}.Debug|iPhone.Build.0 = Debug|Any CPU
		{114B97D2-D4AA-4101-BC8D-430050C93C2D}.Debug|iPhone.Deploy.0 = Debug|Any CPU
		{114B97D2-D4AA-4101-BC8D-430050C93C2D}.Debug|iPhoneSimulator.ActiveCfg = Debug|Any CPU
		{114B97D2-D4AA-4101-BC8D-430050C93C2D}.Debug|iPhoneSimulator.Build.0 = Debug|Any CPU
		{114B97D2-D4AA-4101-BC8D-430050C93C2D}.Debug|iPhoneSimulator.Deploy.0 = Debug|Any CPU
		{114B97D2-D4AA-4101-BC8D-430050C93C2D}.Release|Any CPU.ActiveCfg = Release|Any CPU
		{114B97D2-D4AA-4101-BC8D-430050C93C2D}.Release|Any CPU.Build.0 = Release|Any CPU
		{114B97D2-D4AA-4101-BC8D-430050C93C2D}.Release|Any CPU.Deploy.0 = Release|Any CPU
		{114B97D2-D4AA-4101-BC8D-430050C93C2D}.Release|iPhone.ActiveCfg = Release|Any CPU
		{114B97D2-D4AA-4101-BC8D-430050C93C2D}.Release|iPhone.Build.0 = Release|Any CPU
		{114B97D2-D4AA-4101-BC8D-430050C93C2D}.Release|iPhone.Deploy.0 = Release|Any CPU
		{114B97D2-D4AA-4101-BC8D-430050C93C2D}.Release|iPhoneSimulator.ActiveCfg = Release|Any CPU
		{114B97D2-D4AA-4101-BC8D-430050C93C2D}.Release|iPhoneSimulator.Build.0 = Release|Any CPU
		{114B97D2-D4AA-4101-BC8D-430050C93C2D}.Release|iPhoneSimulator.Deploy.0 = Release|Any CPU
		{B2F05427-AC0A-4D99-AE39-18B3347ACD3C}.Debug|Any CPU.ActiveCfg = Debug|iPhone
		{B2F05427-AC0A-4D99-AE39-18B3347ACD3C}.Debug|iPhone.ActiveCfg = Debug|iPhone
		{B2F05427-AC0A-4D99-AE39-18B3347ACD3C}.Debug|iPhone.Build.0 = Debug|iPhone
		{B2F05427-AC0A-4D99-AE39-18B3347ACD3C}.Debug|iPhoneSimulator.ActiveCfg = Debug|iPhoneSimulator
		{B2F05427-AC0A-4D99-AE39-18B3347ACD3C}.Debug|iPhoneSimulator.Build.0 = Debug|iPhoneSimulator
		{B2F05427-AC0A-4D99-AE39-18B3347ACD3C}.Release|Any CPU.ActiveCfg = Release|iPhone
		{B2F05427-AC0A-4D99-AE39-18B3347ACD3C}.Release|iPhone.ActiveCfg = Release|iPhone
		{B2F05427-AC0A-4D99-AE39-18B3347ACD3C}.Release|iPhone.Build.0 = Release|iPhone
		{B2F05427-AC0A-4D99-AE39-18B3347ACD3C}.Release|iPhoneSimulator.ActiveCfg = Release|iPhoneSimulator
		{B2F05427-AC0A-4D99-AE39-18B3347ACD3C}.Release|iPhoneSimulator.Build.0 = Release|iPhoneSimulator
		{E767A453-5C96-49BD-AF34-FD1C032AA7CA}.Debug|Any CPU.ActiveCfg = Debug|Any CPU
		{E767A453-5C96-49BD-AF34-FD1C032AA7CA}.Debug|Any CPU.Build.0 = Debug|Any CPU
		{E767A453-5C96-49BD-AF34-FD1C032AA7CA}.Debug|Any CPU.Deploy.0 = Debug|Any CPU
		{E767A453-5C96-49BD-AF34-FD1C032AA7CA}.Debug|iPhone.ActiveCfg = Debug|Any CPU
		{E767A453-5C96-49BD-AF34-FD1C032AA7CA}.Debug|iPhone.Build.0 = Debug|Any CPU
		{E767A453-5C96-49BD-AF34-FD1C032AA7CA}.Debug|iPhone.Deploy.0 = Debug|Any CPU
		{E767A453-5C96-49BD-AF34-FD1C032AA7CA}.Debug|iPhoneSimulator.ActiveCfg = Debug|Any CPU
		{E767A453-5C96-49BD-AF34-FD1C032AA7CA}.Debug|iPhoneSimulator.Build.0 = Debug|Any CPU
		{E767A453-5C96-49BD-AF34-FD1C032AA7CA}.Debug|iPhoneSimulator.Deploy.0 = Debug|Any CPU
		{E767A453-5C96-49BD-AF34-FD1C032AA7CA}.Release|Any CPU.ActiveCfg = Release|Any CPU
		{E767A453-5C96-49BD-AF34-FD1C032AA7CA}.Release|Any CPU.Build.0 = Release|Any CPU
		{E767A453-5C96-49BD-AF34-FD1C032AA7CA}.Release|Any CPU.Deploy.0 = Release|Any CPU
		{E767A453-5C96-49BD-AF34-FD1C032AA7CA}.Release|iPhone.ActiveCfg = Release|Any CPU
		{E767A453-5C96-49BD-AF34-FD1C032AA7CA}.Release|iPhone.Build.0 = Release|Any CPU
		{E767A453-5C96-49BD-AF34-FD1C032AA7CA}.Release|iPhone.Deploy.0 = Release|Any CPU
		{E767A453-5C96-49BD-AF34-FD1C032AA7CA}.Release|iPhoneSimulator.ActiveCfg = Release|Any CPU
		{E767A453-5C96-49BD-AF34-FD1C032AA7CA}.Release|iPhoneSimulator.Build.0 = Release|Any CPU
		{E767A453-5C96-49BD-AF34-FD1C032AA7CA}.Release|iPhoneSimulator.Deploy.0 = Release|Any CPU
		{25504839-730A-47DD-B942-9695E607F717}.Debug|Any CPU.ActiveCfg = Debug|iPhone
		{25504839-730A-47DD-B942-9695E607F717}.Debug|iPhone.ActiveCfg = Debug|iPhone
		{25504839-730A-47DD-B942-9695E607F717}.Debug|iPhone.Build.0 = Debug|iPhone
		{25504839-730A-47DD-B942-9695E607F717}.Debug|iPhoneSimulator.ActiveCfg = Debug|iPhoneSimulator
		{25504839-730A-47DD-B942-9695E607F717}.Debug|iPhoneSimulator.Build.0 = Debug|iPhoneSimulator
		{25504839-730A-47DD-B942-9695E607F717}.Release|Any CPU.ActiveCfg = Release|iPhone
		{25504839-730A-47DD-B942-9695E607F717}.Release|iPhone.ActiveCfg = Release|iPhone
		{25504839-730A-47DD-B942-9695E607F717}.Release|iPhone.Build.0 = Release|iPhone
		{25504839-730A-47DD-B942-9695E607F717}.Release|iPhoneSimulator.ActiveCfg = Release|iPhoneSimulator
		{25504839-730A-47DD-B942-9695E607F717}.Release|iPhoneSimulator.Build.0 = Release|iPhoneSimulator
		{4C17CA82-8963-40E5-B8FE-5CBC383CDBAD}.Debug|Any CPU.ActiveCfg = Debug|Any CPU
		{4C17CA82-8963-40E5-B8FE-5CBC383CDBAD}.Debug|Any CPU.Build.0 = Debug|Any CPU
		{4C17CA82-8963-40E5-B8FE-5CBC383CDBAD}.Debug|iPhone.ActiveCfg = Debug|Any CPU
		{4C17CA82-8963-40E5-B8FE-5CBC383CDBAD}.Debug|iPhone.Build.0 = Debug|Any CPU
		{4C17CA82-8963-40E5-B8FE-5CBC383CDBAD}.Debug|iPhoneSimulator.ActiveCfg = Debug|Any CPU
		{4C17CA82-8963-40E5-B8FE-5CBC383CDBAD}.Debug|iPhoneSimulator.Build.0 = Debug|Any CPU
		{4C17CA82-8963-40E5-B8FE-5CBC383CDBAD}.Release|Any CPU.ActiveCfg = Release|Any CPU
		{4C17CA82-8963-40E5-B8FE-5CBC383CDBAD}.Release|Any CPU.Build.0 = Release|Any CPU
		{4C17CA82-8963-40E5-B8FE-5CBC383CDBAD}.Release|iPhone.ActiveCfg = Release|Any CPU
		{4C17CA82-8963-40E5-B8FE-5CBC383CDBAD}.Release|iPhone.Build.0 = Release|Any CPU
		{4C17CA82-8963-40E5-B8FE-5CBC383CDBAD}.Release|iPhoneSimulator.ActiveCfg = Release|Any CPU
		{4C17CA82-8963-40E5-B8FE-5CBC383CDBAD}.Release|iPhoneSimulator.Build.0 = Release|Any CPU
		{A671B650-9DED-4DD7-BCFD-37B101FD6949}.Debug|Any CPU.ActiveCfg = Debug|Any CPU
		{A671B650-9DED-4DD7-BCFD-37B101FD6949}.Debug|Any CPU.Build.0 = Debug|Any CPU
		{A671B650-9DED-4DD7-BCFD-37B101FD6949}.Debug|iPhone.ActiveCfg = Debug|Any CPU
		{A671B650-9DED-4DD7-BCFD-37B101FD6949}.Debug|iPhone.Build.0 = Debug|Any CPU
		{A671B650-9DED-4DD7-BCFD-37B101FD6949}.Debug|iPhoneSimulator.ActiveCfg = Debug|Any CPU
		{A671B650-9DED-4DD7-BCFD-37B101FD6949}.Debug|iPhoneSimulator.Build.0 = Debug|Any CPU
		{A671B650-9DED-4DD7-BCFD-37B101FD6949}.Release|Any CPU.ActiveCfg = Release|Any CPU
		{A671B650-9DED-4DD7-BCFD-37B101FD6949}.Release|Any CPU.Build.0 = Release|Any CPU
		{A671B650-9DED-4DD7-BCFD-37B101FD6949}.Release|iPhone.ActiveCfg = Release|Any CPU
		{A671B650-9DED-4DD7-BCFD-37B101FD6949}.Release|iPhone.Build.0 = Release|Any CPU
		{A671B650-9DED-4DD7-BCFD-37B101FD6949}.Release|iPhoneSimulator.ActiveCfg = Release|Any CPU
		{A671B650-9DED-4DD7-BCFD-37B101FD6949}.Release|iPhoneSimulator.Build.0 = Release|Any CPU
	EndGlobalSection
	GlobalSection(SolutionProperties) = preSolution
		HideSolutionNode = FALSE
	EndGlobalSection
	GlobalSection(NestedProjects) = preSolution
		{7AF894B5-E480-42C4-B5F0-741019EB7B42} = {9977B278-D2E7-42D8-9829-1C3FD893AE97}
		{8B91D04D-680A-44AD-BF67-D7C0DBE12964} = {EF9AC0D6-0E58-4868-A4AD-AF8366F25E45}
		{D0271F75-0F17-4548-B9E8-367158DA58B0} = {EF9AC0D6-0E58-4868-A4AD-AF8366F25E45}
		{B5370401-C7AE-4BBB-8DF3-9E55EDB02D43} = {D0271F75-0F17-4548-B9E8-367158DA58B0}
		{7B8A1134-124A-47BE-AE1A-31AB94F70F98} = {8B91D04D-680A-44AD-BF67-D7C0DBE12964}
		{715A3D3A-1D5D-4D1E-9723-CEAB0469131E} = {8B91D04D-680A-44AD-BF67-D7C0DBE12964}
		{7B9F939B-499D-4CD7-9D02-B8D3EB458B2A} = {8B91D04D-680A-44AD-BF67-D7C0DBE12964}
		{4B3530CB-086B-4005-B193-E070D1B40225} = {D0271F75-0F17-4548-B9E8-367158DA58B0}
		{C8361A71-82F1-4B30-92DA-1E57E60AA92C} = {EF9AC0D6-0E58-4868-A4AD-AF8366F25E45}
		{AB6F2981-4FE0-4FCE-98BA-29FE0B9F8380} = {C8361A71-82F1-4B30-92DA-1E57E60AA92C}
		{CB09B52F-6D7E-4AC9-AD87-E5DAA97604DF} = {5704C078-B999-4095-BD7D-D64E03D48935}
		{C6FFE2E0-1347-49B0-B1B9-721864AC0138} = {5704C078-B999-4095-BD7D-D64E03D48935}
		{73187E12-A051-4603-A976-C26519E7B030} = {5704C078-B999-4095-BD7D-D64E03D48935}
		{74868660-BFE7-4F21-B817-6B6D8BC722E3} = {5704C078-B999-4095-BD7D-D64E03D48935}
		{F5C45F48-ADB4-4E15-9E43-825EB6503DD6} = {5704C078-B999-4095-BD7D-D64E03D48935}
		{5E492085-42F2-43A3-8E88-D60B2E9E60A7} = {5704C078-B999-4095-BD7D-D64E03D48935}
		{114B97D2-D4AA-4101-BC8D-430050C93C2D} = {5704C078-B999-4095-BD7D-D64E03D48935}
		{B2F05427-AC0A-4D99-AE39-18B3347ACD3C} = {5704C078-B999-4095-BD7D-D64E03D48935}
		{E767A453-5C96-49BD-AF34-FD1C032AA7CA} = {5704C078-B999-4095-BD7D-D64E03D48935}
		{25504839-730A-47DD-B942-9695E607F717} = {5704C078-B999-4095-BD7D-D64E03D48935}
		{4C17CA82-8963-40E5-B8FE-5CBC383CDBAD} = {5704C078-B999-4095-BD7D-D64E03D48935}
	EndGlobalSection
	GlobalSection(ExtensibilityGlobals) = postSolution
		SolutionGuid = {4EC9F1DD-B08B-44D3-A6C5-13366D83E62F}
	EndGlobalSection
EndGlobal
